
Microsoft Visual Studio Solution File, Format Version 12.00
# Visual Studio Version 16
VisualStudioVersion = 16.0.32802.440
MinimumVisualStudioVersion = 10.0.40219.1
Project("{FAE04EC0-301F-11D3-BF4B-00C04F79EFBC}") = "OgrenciIslemleri", "OgrenciIslemleri\OgrenciIslemleri.csproj", "{7DD6A31F-6D9B-4684-882D-6F2CACFA08EB}"
EndProject
Global
	GlobalSection(SolutionConfigurationPlatforms) = preSolution
		Debug|Any CPU = Debug|Any CPU
		Release|Any CPU = Release|Any CPU
	EndGlobalSection
	GlobalSection(ProjectConfigurationPlatforms) = postSolution
		{7DD6A31F-6D9B-4684-882D-6F2CACFA08EB}.Debug|Any CPU.ActiveCfg = Debug|Any CPU
		{7DD6A31F-6D9B-4684-882D-6F2CACFA08EB}.Debug|Any CPU.Build.0 = Debug|Any CPU
		{7DD6A31F-6D9B-4684-882D-6F2CACFA08EB}.Release|Any CPU.ActiveCfg = Release|Any CPU
		{7DD6A31F-6D9B-4684-882D-6F2CACFA08EB}.Release|Any CPU.Build.0 = Release|Any CPU
	EndGlobalSection
	GlobalSection(SolutionProperties) = preSolution
		HideSolutionNode = FALSE
	EndGlobalSection
	GlobalSection(ExtensibilityGlobals) = postSolution
		SolutionGuid = {9D586A8D-AE37-4487-8D83-DCFC02F0186B}
	EndGlobalSection
EndGlobal
